<?xml version="1.0" encoding="utf-8"?>
<Project ToolsVersion="4.0" xmlns="http://schemas.microsoft.com/developer/msbuild/2003">
  <ItemGroup>
    <CustomBuild Include="..\CMakeFiles\53e86f8ed5c74df71fbfde3f658f85b2\RUN_TESTS_force.rule">
      <Filter>CMake Rules</Filter>
    </CustomBuild>
  </ItemGroup>
  <ItemGroup>
    <Filter Include="CMake Rules">
      <UniqueIdentifier>{63C670B2-EC07-40AF-9EB5-17B4ECA2F59E}</UniqueIdentifier>
    </Filter>
  </ItemGroup>
</Project>
